// !$*UTF8*$!
{
	archiveVersion = 1;
	classes = {
	};
	objectVersion = 46;
	objects = {

/* Begin PBXBuildFile section */
		9D6085121E7B291E00B02055 /* AppDelegate.swift in Sources */ = {isa = PBXBuildFile; fileRef = 9D6085111E7B291E00B02055 /* AppDelegate.swift */; };
		9D6085141E7B291E00B02055 /* ViewController.swift in Sources */ = {isa = PBXBuildFile; fileRef = 9D6085131E7B291E00B02055 /* ViewController.swift */; };
		9D6085171E7B291E00B02055 /* Main.storyboard in Resources */ = {isa = PBXBuildFile; fileRef = 9D6085151E7B291E00B02055 /* Main.storyboard */; };
		9D6085191E7B291E00B02055 /* Assets.xcassets in Resources */ = {isa = PBXBuildFile; fileRef = 9D6085181E7B291E00B02055 /* Assets.xcassets */; };
		9D60851C1E7B291E00B02055 /* LaunchScreen.storyboard in Resources */ = {isa = PBXBuildFile; fileRef = 9D60851A1E7B291E00B02055 /* LaunchScreen.storyboard */; };
		9D6085271E7B291E00B02055 /* BopJeetTests.swift in Sources */ = {isa = PBXBuildFile; fileRef = 9D6085261E7B291E00B02055 /* BopJeetTests.swift */; };
		9D6085321E7B291E00B02055 /* BopJeetUITests.swift in Sources */ = {isa = PBXBuildFile; fileRef = 9D6085311E7B291E00B02055 /* BopJeetUITests.swift */; };
		9D6085401E7B380200B02055 /* Gestures.swift in Sources */ = {isa = PBXBuildFile; fileRef = 9D60853F1E7B380200B02055 /* Gestures.swift */; };
/* End PBXBuildFile section */

/* Begin PBXContainerItemProxy section */
		9D6085231E7B291E00B02055 /* PBXContainerItemProxy */ = {
			isa = PBXContainerItemProxy;
			containerPortal = 9D6085061E7B291E00B02055 /* Project object */;
			proxyType = 1;
			remoteGlobalIDString = 9D60850D1E7B291E00B02055;
			remoteInfo = BopJeet;
		};
		9D60852E1E7B291E00B02055 /* PBXContainerItemProxy */ = {
			isa = PBXContainerItemProxy;
			containerPortal = 9D6085061E7B291E00B02055 /* Project object */;
			proxyType = 1;
			remoteGlobalIDString = 9D60850D1E7B291E00B02055;
			remoteInfo = BopJeet;
		};
/* End PBXContainerItemProxy section */

/* Begin PBXFileReference section */
		9D60850E1E7B291E00B02055 /* BopJeet.app */ = {isa = PBXFileReference; explicitFileType = wrapper.application; includeInIndex = 0; path = BopJeet.app; sourceTree = BUILT_PRODUCTS_DIR; };
		9D6085111E7B291E00B02055 /* AppDelegate.swift */ = {isa = PBXFileReference; lastKnownFileType = sourcecode.swift; path = AppDelegate.swift; sourceTree = "<group>"; };
		9D6085131E7B291E00B02055 /* ViewController.swift */ = {isa = PBXFileReference; lastKnownFileType = sourcecode.swift; path = ViewController.swift; sourceTree = "<group>"; };
		9D6085161E7B291E00B02055 /* Base */ = {isa = PBXFileReference; lastKnownFileType = file.storyboard; name = Base; path = Base.lproj/Main.storyboard; sourceTree = "<group>"; };
		9D6085181E7B291E00B02055 /* Assets.xcassets */ = {isa = PBXFileReference; lastKnownFileType = folder.assetcatalog; path = Assets.xcassets; sourceTree = "<group>"; };
		9D60851B1E7B291E00B02055 /* Base */ = {isa = PBXFileReference; lastKnownFileType = file.storyboard; name = Base; path = Base.lproj/LaunchScreen.storyboard; sourceTree = "<group>"; };
		9D60851D1E7B291E00B02055 /* Info.plist */ = {isa = PBXFileReference; lastKnownFileType = text.plist.xml; path = Info.plist; sourceTree = "<group>"; };
		9D6085221E7B291E00B02055 /* BopJeetTests.xctest */ = {isa = PBXFileReference; explicitFileType = wrapper.cfbundle; includeInIndex = 0; path = BopJeetTests.xctest; sourceTree = BUILT_PRODUCTS_DIR; };
		9D6085261E7B291E00B02055 /* BopJeetTests.swift */ = {isa = PBXFileReference; lastKnownFileType = sourcecode.swift; path = BopJeetTests.swift; sourceTree = "<group>"; };
		9D6085281E7B291E00B02055 /* Info.plist */ = {isa = PBXFileReference; lastKnownFileType = text.plist.xml; path = Info.plist; sourceTree = "<group>"; };
		9D60852D1E7B291E00B02055 /* BopJeetUITests.xctest */ = {isa = PBXFileReference; explicitFileType = wrapper.cfbundle; includeInIndex = 0; path = BopJeetUITests.xctest; sourceTree = BUILT_PRODUCTS_DIR; };
		9D6085311E7B291E00B02055 /* BopJeetUITests.swift */ = {isa = PBXFileReference; lastKnownFileType = sourcecode.swift; path = BopJeetUITests.swift; sourceTree = "<group>"; };
		9D6085331E7B291E00B02055 /* Info.plist */ = {isa = PBXFileReference; lastKnownFileType = text.plist.xml; path = Info.plist; sourceTree = "<group>"; };
		9D60853F1E7B380200B02055 /* Gestures.swift */ = {isa = PBXFileReference; fileEncoding = 4; lastKnownFileType = sourcecode.swift; path = Gestures.swift; sourceTree = "<group>"; };
/* End PBXFileReference section */

/* Begin PBXFrameworksBuildPhase section */
		9D60850B1E7B291E00B02055 /* Frameworks */ = {
			isa = PBXFrameworksBuildPhase;
			buildActionMask = 2147483647;
			files = (
			);
			runOnlyForDeploymentPostprocessing = 0;
		};
		9D60851F1E7B291E00B02055 /* Frameworks */ = {
			isa = PBXFrameworksBuildPhase;
			buildActionMask = 2147483647;
			files = (
			);
			runOnlyForDeploymentPostprocessing = 0;
		};
		9D60852A1E7B291E00B02055 /* Frameworks */ = {
			isa = PBXFrameworksBuildPhase;
			buildActionMask = 2147483647;
			files = (
			);
			runOnlyForDeploymentPostprocessing = 0;
		};
/* End PBXFrameworksBuildPhase section */

/* Begin PBXGroup section */
		9D6085051E7B291E00B02055 = {
			isa = PBXGroup;
			children = (
				9D6085101E7B291E00B02055 /* BopJeet */,
				9D6085251E7B291E00B02055 /* BopJeetTests */,
				9D6085301E7B291E00B02055 /* BopJeetUITests */,
				9D60850F1E7B291E00B02055 /* Products */,
			);
			sourceTree = "<group>";
		};
		9D60850F1E7B291E00B02055 /* Products */ = {
			isa = PBXGroup;
			children = (
				9D60850E1E7B291E00B02055 /* BopJeet.app */,
				9D6085221E7B291E00B02055 /* BopJeetTests.xctest */,
				9D60852D1E7B291E00B02055 /* BopJeetUITests.xctest */,
			);
			name = Products;
			sourceTree = "<group>";
		};
		9D6085101E7B291E00B02055 /* BopJeet */ = {
			isa = PBXGroup;
			children = (
				9D6085111E7B291E00B02055 /* AppDelegate.swift */,
				9D60853F1E7B380200B02055 /* Gestures.swift */,
				9D6085131E7B291E00B02055 /* ViewController.swift */,
				9D6085151E7B291E00B02055 /* Main.storyboard */,
				9D6085181E7B291E00B02055 /* Assets.xcassets */,
				9D60851A1E7B291E00B02055 /* LaunchScreen.storyboard */,
				9D60851D1E7B291E00B02055 /* Info.plist */,
			);
			path = BopJeet;
			sourceTree = "<group>";
		};
		9D6085251E7B291E00B02055 /* BopJeetTests */ = {
			isa = PBXGroup;
			children = (
				9D6085261E7B291E00B02055 /* BopJeetTests.swift */,
				9D6085281E7B291E00B02055 /* Info.plist */,
			);
			path = BopJeetTests;
			sourceTree = "<group>";
		};
		9D6085301E7B291E00B02055 /* BopJeetUITests */ = {
			isa = PBXGroup;
			children = (
				9D6085311E7B291E00B02055 /* BopJeetUITests.swift */,
				9D6085331E7B291E00B02055 /* Info.plist */,
			);
			path = BopJeetUITests;
			sourceTree = "<group>";
		};
/* End PBXGroup section */

/* Begin PBXNativeTarget section */
		9D60850D1E7B291E00B02055 /* BopJeet */ = {
			isa = PBXNativeTarget;
			buildConfigurationList = 9D6085361E7B291E00B02055 /* Build configuration list for PBXNativeTarget "BopJeet" */;
			buildPhases = (
				9D60850A1E7B291E00B02055 /* Sources */,
				9D60850B1E7B291E00B02055 /* Frameworks */,
				9D60850C1E7B291E00B02055 /* Resources */,
			);
			buildRules = (
			);
			dependencies = (
			);
			name = BopJeet;
			productName = BopJeet;
			productReference = 9D60850E1E7B291E00B02055 /* BopJeet.app */;
			productType = "com.apple.product-type.application";
		};
		9D6085211E7B291E00B02055 /* BopJeetTests */ = {
			isa = PBXNativeTarget;
			buildConfigurationList = 9D6085391E7B291E00B02055 /* Build configuration list for PBXNativeTarget "BopJeetTests" */;
			buildPhases = (
				9D60851E1E7B291E00B02055 /* Sources */,
				9D60851F1E7B291E00B02055 /* Frameworks */,
				9D6085201E7B291E00B02055 /* Resources */,
			);
			buildRules = (
			);
			dependencies = (
				9D6085241E7B291E00B02055 /* PBXTargetDependency */,
			);
			name = BopJeetTests;
			productName = BopJeetTests;
			productReference = 9D6085221E7B291E00B02055 /* BopJeetTests.xctest */;
			productType = "com.apple.product-type.bundle.unit-test";
		};
		9D60852C1E7B291E00B02055 /* BopJeetUITests */ = {
			isa = PBXNativeTarget;
			buildConfigurationList = 9D60853C1E7B291E00B02055 /* Build configuration list for PBXNativeTarget "BopJeetUITests" */;
			buildPhases = (
				9D6085291E7B291E00B02055 /* Sources */,
				9D60852A1E7B291E00B02055 /* Frameworks */,
				9D60852B1E7B291E00B02055 /* Resources */,
			);
			buildRules = (
			);
			dependencies = (
				9D60852F1E7B291E00B02055 /* PBXTargetDependency */,
			);
			name = BopJeetUITests;
			productName = BopJeetUITests;
			productReference = 9D60852D1E7B291E00B02055 /* BopJeetUITests.xctest */;
			productType = "com.apple.product-type.bundle.ui-testing";
		};
/* End PBXNativeTarget section */

/* Begin PBXProject section */
		9D6085061E7B291E00B02055 /* Project object */ = {
			isa = PBXProject;
			attributes = {
				LastSwiftUpdateCheck = 0730;
				LastUpgradeCheck = 0730;
				ORGANIZATIONNAME = "Baljeet Singh";
				TargetAttributes = {
					9D60850D1E7B291E00B02055 = {
						CreatedOnToolsVersion = 7.3.1;
						DevelopmentTeam = 49EL3KQ22X;
					};
					9D6085211E7B291E00B02055 = {
						CreatedOnToolsVersion = 7.3.1;
						TestTargetID = 9D60850D1E7B291E00B02055;
					};
					9D60852C1E7B291E00B02055 = {
						CreatedOnToolsVersion = 7.3.1;
						TestTargetID = 9D60850D1E7B291E00B02055;
					};
				};
			};
			buildConfigurationList = 9D6085091E7B291E00B02055 /* Build configuration list for PBXProject "BopJeet" */;
			compatibilityVersion = "Xcode 3.2";
			developmentRegion = English;
			hasScannedForEncodings = 0;
			knownRegions = (
				en,
				Base,
			);
			mainGroup = 9D6085051E7B291E00B02055;
			productRefGroup = 9D60850F1E7B291E00B02055 /* Products */;
			projectDirPath = "";
			projectRoot = "";
			targets = (
				9D60850D1E7B291E00B02055 /* BopJeet */,
				9D6085211E7B291E00B02055 /* BopJeetTests */,
				9D60852C1E7B291E00B02055 /* BopJeetUITests */,
			);
		};
/* End PBXProject section */

/* Begin PBXResourcesBuildPhase section */
		9D60850C1E7B291E00B02055 /* Resources */ = {
			isa = PBXResourcesBuildPhase;
			buildActionMask = 2147483647;
			files = (
				9D60851C1E7B291E00B02055 /* LaunchScreen.storyboard in Resources */,
				9D6085191E7B291E00B02055 /* Assets.xcassets in Resources */,
				9D6085171E7B291E00B02055 /* Main.storyboard in Resources */,
			);
			runOnlyForDeploymentPostprocessing = 0;
		};
		9D6085201E7B291E00B02055 /* Resources */ = {
			isa = PBXResourcesBuildPhase;
			buildActionMask = 2147483647;
			files = (
			);
			runOnlyForDeploymentPostprocessing = 0;
		};
		9D60852B1E7B291E00B02055 /* Resources */ = {
			isa = PBXResourcesBuildPhase;
			buildActionMask = 2147483647;
			files = (
			);
			runOnlyForDeploymentPostprocessing = 0;
		};
/* End PBXResourcesBuildPhase section */

/* Begin PBXSourcesBuildPhase section */
		9D60850A1E7B291E00B02055 /* Sources */ = {
			isa = PBXSourcesBuildPhase;
			buildActionMask = 2147483647;
			files = (
				9D6085401E7B380200B02055 /* Gestures.swift in Sources */,
				9D6085141E7B291E00B02055 /* ViewController.swift in Sources */,
				9D6085121E7B291E00B02055 /* AppDelegate.swift in Sources */,
			);
			runOnlyForDeploymentPostprocessing = 0;
		};
		9D60851E1E7B291E00B02055 /* Sources */ = {
			isa = PBXSourcesBuildPhase;
			buildActionMask = 2147483647;
			files = (
				9D6085271E7B291E00B02055 /* BopJeetTests.swift in Sources */,
			);
			runOnlyForDeploymentPostprocessing = 0;
		};
		9D6085291E7B291E00B02055 /* Sources */ = {
			isa = PBXSourcesBuildPhase;
			buildActionMask = 2147483647;
			files = (
				9D6085321E7B291E00B02055 /* BopJeetUITests.swift in Sources */,
			);
			runOnlyForDeploymentPostprocessing = 0;
		};
/* End PBXSourcesBuildPhase section */

/* Begin PBXTargetDependency section */
		9D6085241E7B291E00B02055 /* PBXTargetDependency */ = {
			isa = PBXTargetDependency;
			target = 9D60850D1E7B291E00B02055 /* BopJeet */;
			targetProxy = 9D6085231E7B291E00B02055 /* PBXContainerItemProxy */;
		};
		9D60852F1E7B291E00B02055 /* PBXTargetDependency */ = {
			isa = PBXTargetDependency;
			target = 9D60850D1E7B291E00B02055 /* BopJeet */;
			targetProxy = 9D60852E1E7B291E00B02055 /* PBXContainerItemProxy */;
		};
/* End PBXTargetDependency section */

/* Begin PBXVariantGroup section */
		9D6085151E7B291E00B02055 /* Main.storyboard */ = {
			isa = PBXVariantGroup;
			children = (
				9D6085161E7B291E00B02055 /* Base */,
			);
			name = Main.storyboard;
			sourceTree = "<group>";
		};
		9D60851A1E7B291E00B02055 /* LaunchScreen.storyboard */ = {
			isa = PBXVariantGroup;
			children = (
				9D60851B1E7B291E00B02055 /* Base */,
			);
			name = LaunchScreen.storyboard;
			sourceTree = "<group>";
		};
/* End PBXVariantGroup section */

/* Begin XCBuildConfiguration section */
		9D6085341E7B291E00B02055 /* Debug */ = {
			isa = XCBuildConfiguration;
			buildSettings = {
				ALWAYS_SEARCH_USER_PATHS = NO;
				CLANG_ANALYZER_NONNULL = YES;
				CLANG_CXX_LANGUAGE_STANDARD = "gnu++0x";
				CLANG_CXX_LIBRARY = "libc++";
				CLANG_ENABLE_MODULES = YES;
				CLANG_ENABLE_OBJC_ARC = YES;
				CLANG_WARN_BOOL_CONVERSION = YES;
				CLANG_WARN_CONSTANT_CONVERSION = YES;
				CLANG_WARN_DIRECT_OBJC_ISA_USAGE = YES_ERROR;
				CLANG_WARN_EMPTY_BODY = YES;
				CLANG_WARN_ENUM_CONVERSION = YES;
				CLANG_WARN_INT_CONVERSION = YES;
				CLANG_WARN_OBJC_ROOT_CLASS = YES_ERROR;
				CLANG_WARN_UNREACHABLE_CODE = YES;
				CLANG_WARN__DUPLICATE_METHOD_MATCH = YES;
				"CODE_SIGN_IDENTITY[sdk=iphoneos*]" = "iPhone Developer";
				COPY_PHASE_STRIP = NO;
				DEBUG_INFORMATION_FORMAT = dwarf;
				ENABLE_STRICT_OBJC_MSGSEND = YES;
				ENABLE_TESTABILITY = YES;
				GCC_C_LANGUAGE_STANDARD = gnu99;
				GCC_DYNAMIC_NO_PIC = NO;
				GCC_NO_COMMON_BLOCKS = YES;
				GCC_OPTIMIZATION_LEVEL = 0;
				GCC_PREPROCESSOR_DEFINITIONS = (
					"DEBUG=1",
					"$(inherited)",
				);
				GCC_WARN_64_TO_32_BIT_CONVERSION = YES;
				GCC_WARN_ABOUT_RETURN_TYPE = YES_ERROR;
				GCC_WARN_UNDECLARED_SELECTOR = YES;
				GCC_WARN_UNINITIALIZED_AUTOS = YES_AGGRESSIVE;
				GCC_WARN_UNUSED_FUNCTION = YES;
				GCC_WARN_UNUSED_VARIABLE = YES;
				IPHONEOS_DEPLOYMENT_TARGET = 9.3;
				MTL_ENABLE_DEBUG_INFO = YES;
				ONLY_ACTIVE_ARCH = YES;
				SDKROOT = iphoneos;
				SWIFT_OPTIMIZATION_LEVEL = "-Onone";
				TARGETED_DEVICE_FAMILY = "1,2";
			};
			name = Debug;
		};
		9D6085351E7B291E00B02055 /* Release */ = {
			isa = XCBuildConfiguration;
			buildSettings = {
				ALWAYS_SEARCH_USER_PATHS = NO;
				CLANG_ANALYZER_NONNULL = YES;
				CLANG_CXX_LANGUAGE_STANDARD = "gnu++0x";
				CLANG_CXX_LIBRARY = "libc++";
				CLANG_ENABLE_MODULES = YES;
				CLANG_ENABLE_OBJC_ARC = YES;
				CLANG_WARN_BOOL_CONVERSION = YES;
				CLANG_WARN_CONSTANT_CONVERSION = YES;
				CLANG_WARN_DIRECT_OBJC_ISA_USAGE = YES_ERROR;
				CLANG_WARN_EMPTY_BODY = YES;
				CLANG_WARN_ENUM_CONVERSION = YES;
				CLANG_WARN_INT_CONVERSION = YES;
				CLANG_WARN_OBJC_ROOT_CLASS = YES_ERROR;
				CLANG_WARN_UNREACHABLE_CODE = YES;
				CLANG_WARN__DUPLICATE_METHOD_MATCH = YES;
				"CODE_SIGN_IDENTITY[sdk=iphoneos*]" = "iPhone Developer";
				COPY_PHASE_STRIP = NO;
				DEBUG_INFORMATION_FORMAT = "dwarf-with-dsym";
				ENABLE_NS_ASSERTIONS = NO;
				ENABLE_STRICT_OBJC_MSGSEND = YES;
				GCC_C_LANGUAGE_STANDARD = gnu99;
				GCC_NO_COMMON_BLOCKS = YES;
				GCC_WARN_64_TO_32_BIT_CONVERSION = YES;
				GCC_WARN_ABOUT_RETURN_TYPE = YES_ERROR;
				GCC_WARN_UNDECLARED_SELECTOR = YES;
				GCC_WARN_UNINITIALIZED_AUTOS = YES_AGGRESSIVE;
				GCC_WARN_UNUSED_FUNCTION = YES;
				GCC_WARN_UNUSED_VARIABLE = YES;
				IPHONEOS_DEPLOYMENT_TARGET = 9.3;
				MTL_ENABLE_DEBUG_INFO = NO;
				SDKROOT = iphoneos;
				TARGETED_DEVICE_FAMILY = "1,2";
				VALIDATE_PRODUCT = YES;
			};
			name = Release;
		};
		9D6085371E7B291E00B02055 /* Debug */ = {
			isa = XCBuildConfiguration;
			buildSettings = {
				ASSETCATALOG_COMPILER_APPICON_NAME = AppIcon;
				CODE_SIGN_IDENTITY = "iPhone Developer";
				INFOPLIST_FILE = BopJeet/Info.plist;
				IPHONEOS_DEPLOYMENT_TARGET = 9.0;
				LD_RUNPATH_SEARCH_PATHS = "$(inherited) @executable_path/Frameworks";
				PRODUCT_BUNDLE_IDENTIFIER = Langara.BopJeet;
				PRODUCT_NAME = "$(TARGET_NAME)";
			};
			name = Debug;
		};
		9D6085381E7B291E00B02055 /* Release */ = {
			isa = XCBuildConfiguration;
			buildSettings = {
				ASSETCATALOG_COMPILER_APPICON_NAME = AppIcon;
				CODE_SIGN_IDENTITY = "iPhone Developer";
				INFOPLIST_FILE = BopJeet/Info.plist;
				IPHONEOS_DEPLOYMENT_TARGET = 9.0;
				LD_RUNPATH_SEARCH_PATHS = "$(inherited) @executable_path/Frameworks";
				PRODUCT_BUNDLE_IDENTIFIER = Langara.BopJeet;
				PRODUCT_NAME = "$(TARGET_NAME)";
			};
			name = Release;
		};
		9D60853A1E7B291E00B02055 /* Debug */ = {
			isa = XCBuildConfiguration;
			buildSettings = {
				BUNDLE_LOADER = "$(TEST_HOST)";
				INFOPLIST_FILE = BopJeetTests/Info.plist;
				LD_RUNPATH_SEARCH_PATHS = "$(inherited) @executable_path/Frameworks @loader_path/Frameworks";
				PRODUCT_BUNDLE_IDENTIFIER = Langara.BopJeetTests;
				PRODUCT_NAME = "$(TARGET_NAME)";
				TEST_HOST = "$(BUILT_PRODUCTS_DIR)/BopJeet.app/BopJeet";
			};
			name = Debug;
		};
		9D60853B1E7B291E00B02055 /* Release */ = {
			isa = XCBuildConfiguration;
			buildSettings = {
				BUNDLE_LOADER = "$(TEST_HOST)";
				INFOPLIST_FILE = BopJeetTests/Info.plist;
				LD_RUNPATH_SEARCH_PATHS = "$(inherited) @executable_path/Frameworks @loader_path/Frameworks";
				PRODUCT_BUNDLE_IDENTIFIER = Langara.BopJeetTests;
				PRODUCT_NAME = "$(TARGET_NAME)";
				TEST_HOST = "$(BUILT_PRODUCTS_DIR)/BopJeet.app/BopJeet";
			};
			name = Release;
		};
		9D60853D1E7B291E00B02055 /* Debug */ = {
			isa = XCBuildConfiguration;
			buildSettings = {
				INFOPLIST_FILE = BopJeetUITests/Info.plist;
				LD_RUNPATH_SEARCH_PATHS = "$(inherited) @executable_path/Frameworks @loader_path/Frameworks";
				PRODUCT_BUNDLE_IDENTIFIER = Langara.BopJeetUITests;
				PRODUCT_NAME = "$(TARGET_NAME)";
				TEST_TARGET_NAME = BopJeet;
			};
			name = Debug;
		};
		9D60853E1E7B291E00B02055 /* Release */ = {
			isa = XCBuildConfiguration;
			buildSettings = {
				INFOPLIST_FILE = BopJeetUITests/Info.plist;
				LD_RUNPATH_SEARCH_PATHS = "$(inherited) @executable_path/Frameworks @loader_path/Frameworks";
				PRODUCT_BUNDLE_IDENTIFIER = Langara.BopJeetUITests;
				PRODUCT_NAME = "$(TARGET_NAME)";
				TEST_TARGET_NAME = BopJeet;
			};
			name = Release;
		};
/* End XCBuildConfiguration section */

/* Begin XCConfigurationList section */
		9D6085091E7B291E00B02055 /* Build configuration list for PBXProject "BopJeet" */ = {
			isa = XCConfigurationList;
			buildConfigurations = (
				9D6085341E7B291E00B02055 /* Debug */,
				9D6085351E7B291E00B02055 /* Release */,
			);
			defaultConfigurationIsVisible = 0;
			defaultConfigurationName = Release;
		};
		9D6085361E7B291E00B02055 /* Build configuration list for PBXNativeTarget "BopJeet" */ = {
			isa = XCConfigurationList;
			buildConfigurations = (
				9D6085371E7B291E00B02055 /* Debug */,
				9D6085381E7B291E00B02055 /* Release */,
			);
			defaultConfigurationIsVisible = 0;
		};
		9D6085391E7B291E00B02055 /* Build configuration list for PBXNativeTarget "BopJeetTests" */ = {
			isa = XCConfigurationList;
			buildConfigurations = (
				9D60853A1E7B291E00B02055 /* Debug */,
				9D60853B1E7B291E00B02055 /* Release */,
			);
			defaultConfigurationIsVisible = 0;
		};
		9D60853C1E7B291E00B02055 /* Build configuration list for PBXNativeTarget "BopJeetUITests" */ = {
			isa = XCConfigurationList;
			buildConfigurations = (
				9D60853D1E7B291E00B02055 /* Debug */,
				9D60853E1E7B291E00B02055 /* Release */,
			);
			defaultConfigurationIsVisible = 0;
		};
/* End XCConfigurationList section */
	};
	rootObject = 9D6085061E7B291E00B02055 /* Project object */;
}
